
Microsoft Visual Studio Solution File, Format Version 12.00
# Visual Studio 15
VisualStudioVersion = 15.0.28307.779
MinimumVisualStudioVersion = 10.0.40219.1
Project("{9A19103F-16F7-4668-BE54-9A1E7A4F7556}") = "LibraryAssistant.API", "LibraryAssistant\LibraryAssistant.API.csproj", "{1A8B0DBE-26E9-4141-8B18-D2492EA0EA8E}"
EndProject
Project("{FAE04EC0-301F-11D3-BF4B-00C04F79EFBC}") = "LibraryAssistant.Core", "LibraryAssistant.Core\LibraryAssistant.Core.csproj", "{C832185B-4C2F-4E16-97F2-856AF28043F3}"
EndProject
Global
	GlobalSection(SolutionConfigurationPlatforms) = preSolution
		Debug|Any CPU = Debug|Any CPU
		Release|Any CPU = Release|Any CPU
	EndGlobalSection
	GlobalSection(ProjectConfigurationPlatforms) = postSolution
		{1A8B0DBE-26E9-4141-8B18-D2492EA0EA8E}.Debug|Any CPU.ActiveCfg = Debug|Any CPU
		{1A8B0DBE-26E9-4141-8B18-D2492EA0EA8E}.Debug|Any CPU.Build.0 = Debug|Any CPU
		{1A8B0DBE-26E9-4141-8B18-D2492EA0EA8E}.Release|Any CPU.ActiveCfg = Release|Any CPU
		{1A8B0DBE-26E9-4141-8B18-D2492EA0EA8E}.Release|Any CPU.Build.0 = Release|Any CPU
		{C832185B-4C2F-4E16-97F2-856AF28043F3}.Debug|Any CPU.ActiveCfg = Debug|Any CPU
		{C832185B-4C2F-4E16-97F2-856AF28043F3}.Debug|Any CPU.Build.0 = Debug|Any CPU
		{C832185B-4C2F-4E16-97F2-856AF28043F3}.Release|Any CPU.ActiveCfg = Release|Any CPU
		{C832185B-4C2F-4E16-97F2-856AF28043F3}.Release|Any CPU.Build.0 = Release|Any CPU
	EndGlobalSection
	GlobalSection(SolutionProperties) = preSolution
		HideSolutionNode = FALSE
	EndGlobalSection
	GlobalSection(ExtensibilityGlobals) = postSolution
		SolutionGuid = {0752CDCB-D754-4CEF-9A21-4F98192BCA76}
	EndGlobalSection
EndGlobal
